PODS:
  - testB (0.2.0):
    - testB/framework (= 0.2.0)
  - testB/framework (0.2.0)

DEPENDENCIES:
  - testB (from `../`)

EXTERNAL SOURCES:
  testB:
    :path: "../"

SPEC CHECKSUMS:
  testB: 72e10724f161ea20cdc7103386fd888d4e9ee2ac

PODFILE CHECKSUM: 231eb9ca96f9030547177c17dc5d65978f465bb2

COCOAPODS: 1.9.3
