PODS:
  - testB (0.1.0):
    - testB/framework (= 0.1.0)
  - testB/framework (0.1.0)

DEPENDENCIES:
  - testB (from `../`)

EXTERNAL SOURCES:
  testB:
    :path: "../"

SPEC CHECKSUMS:
  testB: b5a1008e5215e777f232ab8cce04a1671307736d

PODFILE CHECKSUM: 231eb9ca96f9030547177c17dc5d65978f465bb2

COCOAPODS: 1.9.3
