PODS:
  - testB (0.1.0):
    - testB/source (= 0.1.0)
  - testB/source (0.1.0)

DEPENDENCIES:
  - testB (from `../`)

EXTERNAL SOURCES:
  testB:
    :path: "../"

SPEC CHECKSUMS:
  testB: eb61f849e461481519c0358af10e89ceb05413d2

PODFILE CHECKSUM: 231eb9ca96f9030547177c17dc5d65978f465bb2

COCOAPODS: 1.9.3
